
Microsoft Visual Studio Solution File, Format Version 11.00
# Visual Studio 2010
Project("{FAE04EC0-301F-11D3-BF4B-00C04F79EFBC}") = "Assembly-CSharp", "Assembly-CSharp.csproj", "{54c42c9e-74d6-d85b-d4ef-7c5328bc70ce}"
EndProject
Project("{FAE04EC0-301F-11D3-BF4B-00C04F79EFBC}") = "Unity.2D.Tilemap.Extras", "Unity.2D.Tilemap.Extras.csproj", "{4b6c9d44-3b8d-3e0a-9f23-ca7b62d39da8}"
EndProject
Project("{FAE04EC0-301F-11D3-BF4B-00C04F79EFBC}") = "Assembly-CSharp-Editor", "Assembly-CSharp-Editor.csproj", "{c888fea4-2d24-efea-7b80-67925791b4f8}"
EndProject
Project("{FAE04EC0-301F-11D3-BF4B-00C04F79EFBC}") = "Unity.2D.Tilemap.Extras.Editor", "Unity.2D.Tilemap.Extras.Editor.csproj", "{d97f754c-4cab-e615-f258-a6f4bf5bb389}"
EndProject
Project("{FAE04EC0-301F-11D3-BF4B-00C04F79EFBC}") = "Unity.2D.Tilemap.Extras.Placeholder.EditorTests", "Unity.2D.Tilemap.Extras.Placeholder.EditorTests.csproj", "{4f7449f0-ec56-ec45-9877-0cd87b01a2b2}"
EndProject
Global
	GlobalSection(SolutionConfigurationPlatforms) = preSolution
		Debug|Any CPU = Debug|Any CPU
		Release|Any CPU = Release|Any CPU
	EndGlobalSection
	GlobalSection(ProjectConfigurationPlatforms) = postSolution
		{54c42c9e-74d6-d85b-d4ef-7c5328bc70ce}.Debug|Any CPU.ActiveCfg = Debug|Any CPU
		{54c42c9e-74d6-d85b-d4ef-7c5328bc70ce}.Debug|Any CPU.Build.0 = Debug|Any CPU
		{54c42c9e-74d6-d85b-d4ef-7c5328bc70ce}.Release|Any CPU.ActiveCfg = Release|Any CPU
		{54c42c9e-74d6-d85b-d4ef-7c5328bc70ce}.Release|Any CPU.Build.0 = Release|Any CPU
		{4b6c9d44-3b8d-3e0a-9f23-ca7b62d39da8}.Debug|Any CPU.ActiveCfg = Debug|Any CPU
		{4b6c9d44-3b8d-3e0a-9f23-ca7b62d39da8}.Debug|Any CPU.Build.0 = Debug|Any CPU
		{4b6c9d44-3b8d-3e0a-9f23-ca7b62d39da8}.Release|Any CPU.ActiveCfg = Release|Any CPU
		{4b6c9d44-3b8d-3e0a-9f23-ca7b62d39da8}.Release|Any CPU.Build.0 = Release|Any CPU
		{c888fea4-2d24-efea-7b80-67925791b4f8}.Debug|Any CPU.ActiveCfg = Debug|Any CPU
		{c888fea4-2d24-efea-7b80-67925791b4f8}.Debug|Any CPU.Build.0 = Debug|Any CPU
		{c888fea4-2d24-efea-7b80-67925791b4f8}.Release|Any CPU.ActiveCfg = Release|Any CPU
		{c888fea4-2d24-efea-7b80-67925791b4f8}.Release|Any CPU.Build.0 = Release|Any CPU
		{d97f754c-4cab-e615-f258-a6f4bf5bb389}.Debug|Any CPU.ActiveCfg = Debug|Any CPU
		{d97f754c-4cab-e615-f258-a6f4bf5bb389}.Debug|Any CPU.Build.0 = Debug|Any CPU
		{d97f754c-4cab-e615-f258-a6f4bf5bb389}.Release|Any CPU.ActiveCfg = Release|Any CPU
		{d97f754c-4cab-e615-f258-a6f4bf5bb389}.Release|Any CPU.Build.0 = Release|Any CPU
		{4f7449f0-ec56-ec45-9877-0cd87b01a2b2}.Debug|Any CPU.ActiveCfg = Debug|Any CPU
		{4f7449f0-ec56-ec45-9877-0cd87b01a2b2}.Debug|Any CPU.Build.0 = Debug|Any CPU
		{4f7449f0-ec56-ec45-9877-0cd87b01a2b2}.Release|Any CPU.ActiveCfg = Release|Any CPU
		{4f7449f0-ec56-ec45-9877-0cd87b01a2b2}.Release|Any CPU.Build.0 = Release|Any CPU
	EndGlobalSection
	GlobalSection(SolutionProperties) = preSolution
		HideSolutionNode = FALSE
	EndGlobalSection
EndGlobal
